
Microsoft Visual Studio Solution File, Format Version 12.00
# Visual Studio Version 17
VisualStudioVersion = 17.14.36109.1 d17.14
MinimumVisualStudioVersion = 10.0.40219.1
Project("{FAE04EC0-301F-11D3-BF4B-00C04F79EFBC}") = "LogSheet_API", "LogSheet_API\LogSheet_API.csproj", "{57228D8E-D857-47C0-AB85-6E4A1480E8D8}"
EndProject
Global
	GlobalSection(SolutionConfigurationPlatforms) = preSolution
		Debug|Any CPU = Debug|Any CPU
		Release|Any CPU = Release|Any CPU
	EndGlobalSection
	GlobalSection(ProjectConfigurationPlatforms) = postSolution
		{57228D8E-D857-47C0-AB85-6E4A1480E8D8}.Debug|Any CPU.ActiveCfg = Debug|Any CPU
		{57228D8E-D857-47C0-AB85-6E4A1480E8D8}.Debug|Any CPU.Build.0 = Debug|Any CPU
		{57228D8E-D857-47C0-AB85-6E4A1480E8D8}.Release|Any CPU.ActiveCfg = Release|Any CPU
		{57228D8E-D857-47C0-AB85-6E4A1480E8D8}.Release|Any CPU.Build.0 = Release|Any CPU
	EndGlobalSection
	GlobalSection(SolutionProperties) = preSolution
		HideSolutionNode = FALSE
	EndGlobalSection
	GlobalSection(ExtensibilityGlobals) = postSolution
		SolutionGuid = {4CA119A9-E399-47C1-8489-61647EA1BF3D}
	EndGlobalSection
EndGlobal
